
Microsoft Visual Studio Solution File, Format Version 11.00
# Visual Studio 2010
Project("{FAE04EC0-301F-11D3-BF4B-00C04F79EFBC}") = "TAREA", "TAREA\TAREA.csproj", "{DC293893-B6B8-4BA7-8C36-B8B45BF96B66}"
EndProject
Global
	GlobalSection(SolutionConfigurationPlatforms) = preSolution
		Debug|Any CPU = Debug|Any CPU
		Release|Any CPU = Release|Any CPU
	EndGlobalSection
	GlobalSection(ProjectConfigurationPlatforms) = postSolution
		{DC293893-B6B8-4BA7-8C36-B8B45BF96B66}.Debug|Any CPU.ActiveCfg = Debug|Any CPU
		{DC293893-B6B8-4BA7-8C36-B8B45BF96B66}.Debug|Any CPU.Build.0 = Debug|Any CPU
		{DC293893-B6B8-4BA7-8C36-B8B45BF96B66}.Release|Any CPU.ActiveCfg = Release|Any CPU
		{DC293893-B6B8-4BA7-8C36-B8B45BF96B66}.Release|Any CPU.Build.0 = Release|Any CPU
	EndGlobalSection
	GlobalSection(SolutionProperties) = preSolution
		HideSolutionNode = FALSE
	EndGlobalSection
EndGlobal
